
Microsoft Visual Studio Solution File, Format Version 12.00
# Visual Studio 15
Project("{FAE04EC0-301F-11D3-BF4B-00C04F79EFBC}") = "Sample.Brightcove.tvOS", "Sample.Brightcove.tvOS\Sample.Brightcove.tvOS.csproj", "{D827844C-6895-4433-84CC-587843CF3F19}"
EndProject
Project("{FAE04EC0-301F-11D3-BF4B-00C04F79EFBC}") = "BrightcoveSDK.tvOS", "BrightcoveSDK.tvOS\BrightcoveSDK.tvOS.csproj", "{3D1AC6F3-EEAF-4355-A20A-F6E60B5DA935}"
EndProject
Project("{FAE04EC0-301F-11D3-BF4B-00C04F79EFBC}") = "BrightcoveSDK.iOS", "BrightcoveSDK.iOS\BrightcoveSDK.iOS.csproj", "{EFBF4F66-E60D-4770-8515-E8BC5D8A7302}"
EndProject
Project("{FAE04EC0-301F-11D3-BF4B-00C04F79EFBC}") = "Sample.Brightcove.iOS", "Sample.Brightcove.iOS\Sample.Brightcove.iOS.csproj", "{F77A2CB6-AF12-41C0-B755-2E2DCB6B57C1}"
EndProject
Project("{FAE04EC0-301F-11D3-BF4B-00C04F79EFBC}") = "BrightcoveGoogleCast.iOS", "BrightcoveGoogleCast.iOS\BrightcoveGoogleCast.iOS.csproj", "{BF6193FC-0CC3-40A3-A818-316754919691}"
EndProject
Project("{FAE04EC0-301F-11D3-BF4B-00C04F79EFBC}") = "BrightcoveSDK.Android", "BrightcoveSDK.Android\BrightcoveSDK.Android.csproj", "{F169D209-503E-4EBE-A517-D57A58358582}"
EndProject
Global
	GlobalSection(SolutionConfigurationPlatforms) = preSolution
		Debug|iPhoneSimulator = Debug|iPhoneSimulator
		Release|iPhone = Release|iPhone
		Release|iPhoneSimulator = Release|iPhoneSimulator
		Debug|iPhone = Debug|iPhone
	EndGlobalSection
	GlobalSection(ProjectConfigurationPlatforms) = postSolution
		{D827844C-6895-4433-84CC-587843CF3F19}.Debug|iPhoneSimulator.ActiveCfg = Debug|iPhoneSimulator
		{D827844C-6895-4433-84CC-587843CF3F19}.Debug|iPhoneSimulator.Build.0 = Debug|iPhoneSimulator
		{D827844C-6895-4433-84CC-587843CF3F19}.Release|iPhone.ActiveCfg = Release|iPhone
		{D827844C-6895-4433-84CC-587843CF3F19}.Release|iPhone.Build.0 = Release|iPhone
		{D827844C-6895-4433-84CC-587843CF3F19}.Release|iPhoneSimulator.ActiveCfg = Release|iPhoneSimulator
		{D827844C-6895-4433-84CC-587843CF3F19}.Release|iPhoneSimulator.Build.0 = Release|iPhoneSimulator
		{D827844C-6895-4433-84CC-587843CF3F19}.Debug|iPhone.ActiveCfg = Debug|iPhone
		{D827844C-6895-4433-84CC-587843CF3F19}.Debug|iPhone.Build.0 = Debug|iPhone
		{3D1AC6F3-EEAF-4355-A20A-F6E60B5DA935}.Debug|iPhoneSimulator.ActiveCfg = Debug|Any CPU
		{3D1AC6F3-EEAF-4355-A20A-F6E60B5DA935}.Debug|iPhoneSimulator.Build.0 = Debug|Any CPU
		{3D1AC6F3-EEAF-4355-A20A-F6E60B5DA935}.Release|iPhone.ActiveCfg = Release|Any CPU
		{3D1AC6F3-EEAF-4355-A20A-F6E60B5DA935}.Release|iPhone.Build.0 = Release|Any CPU
		{3D1AC6F3-EEAF-4355-A20A-F6E60B5DA935}.Release|iPhoneSimulator.ActiveCfg = Release|Any CPU
		{3D1AC6F3-EEAF-4355-A20A-F6E60B5DA935}.Release|iPhoneSimulator.Build.0 = Release|Any CPU
		{3D1AC6F3-EEAF-4355-A20A-F6E60B5DA935}.Debug|iPhone.ActiveCfg = Debug|Any CPU
		{3D1AC6F3-EEAF-4355-A20A-F6E60B5DA935}.Debug|iPhone.Build.0 = Debug|Any CPU
		{EFBF4F66-E60D-4770-8515-E8BC5D8A7302}.Debug|iPhoneSimulator.ActiveCfg = Debug|Any CPU
		{EFBF4F66-E60D-4770-8515-E8BC5D8A7302}.Debug|iPhoneSimulator.Build.0 = Debug|Any CPU
		{EFBF4F66-E60D-4770-8515-E8BC5D8A7302}.Release|iPhone.ActiveCfg = Release|Any CPU
		{EFBF4F66-E60D-4770-8515-E8BC5D8A7302}.Release|iPhone.Build.0 = Release|Any CPU
		{EFBF4F66-E60D-4770-8515-E8BC5D8A7302}.Release|iPhoneSimulator.ActiveCfg = Release|Any CPU
		{EFBF4F66-E60D-4770-8515-E8BC5D8A7302}.Release|iPhoneSimulator.Build.0 = Release|Any CPU
		{EFBF4F66-E60D-4770-8515-E8BC5D8A7302}.Debug|iPhone.ActiveCfg = Debug|Any CPU
		{EFBF4F66-E60D-4770-8515-E8BC5D8A7302}.Debug|iPhone.Build.0 = Debug|Any CPU
		{F77A2CB6-AF12-41C0-B755-2E2DCB6B57C1}.Debug|iPhoneSimulator.ActiveCfg = Debug|iPhoneSimulator
		{F77A2CB6-AF12-41C0-B755-2E2DCB6B57C1}.Debug|iPhoneSimulator.Build.0 = Debug|iPhoneSimulator
		{F77A2CB6-AF12-41C0-B755-2E2DCB6B57C1}.Release|iPhone.ActiveCfg = Release|iPhone
		{F77A2CB6-AF12-41C0-B755-2E2DCB6B57C1}.Release|iPhone.Build.0 = Release|iPhone
		{F77A2CB6-AF12-41C0-B755-2E2DCB6B57C1}.Release|iPhoneSimulator.ActiveCfg = Release|iPhoneSimulator
		{F77A2CB6-AF12-41C0-B755-2E2DCB6B57C1}.Release|iPhoneSimulator.Build.0 = Release|iPhoneSimulator
		{F77A2CB6-AF12-41C0-B755-2E2DCB6B57C1}.Debug|iPhone.ActiveCfg = Debug|iPhone
		{F77A2CB6-AF12-41C0-B755-2E2DCB6B57C1}.Debug|iPhone.Build.0 = Debug|iPhone
		{BF6193FC-0CC3-40A3-A818-316754919691}.Debug|iPhoneSimulator.ActiveCfg = Debug|Any CPU
		{BF6193FC-0CC3-40A3-A818-316754919691}.Debug|iPhoneSimulator.Build.0 = Debug|Any CPU
		{BF6193FC-0CC3-40A3-A818-316754919691}.Release|iPhone.ActiveCfg = Release|Any CPU
		{BF6193FC-0CC3-40A3-A818-316754919691}.Release|iPhone.Build.0 = Release|Any CPU
		{BF6193FC-0CC3-40A3-A818-316754919691}.Release|iPhoneSimulator.ActiveCfg = Release|Any CPU
		{BF6193FC-0CC3-40A3-A818-316754919691}.Release|iPhoneSimulator.Build.0 = Release|Any CPU
		{BF6193FC-0CC3-40A3-A818-316754919691}.Debug|iPhone.ActiveCfg = Debug|Any CPU
		{BF6193FC-0CC3-40A3-A818-316754919691}.Debug|iPhone.Build.0 = Debug|Any CPU
		{F169D209-503E-4EBE-A517-D57A58358582}.Debug|iPhoneSimulator.ActiveCfg = Debug|Any CPU
		{F169D209-503E-4EBE-A517-D57A58358582}.Debug|iPhoneSimulator.Build.0 = Debug|Any CPU
		{F169D209-503E-4EBE-A517-D57A58358582}.Release|iPhone.ActiveCfg = Release|Any CPU
		{F169D209-503E-4EBE-A517-D57A58358582}.Release|iPhone.Build.0 = Release|Any CPU
		{F169D209-503E-4EBE-A517-D57A58358582}.Release|iPhoneSimulator.ActiveCfg = Release|Any CPU
		{F169D209-503E-4EBE-A517-D57A58358582}.Release|iPhoneSimulator.Build.0 = Release|Any CPU
		{F169D209-503E-4EBE-A517-D57A58358582}.Debug|iPhone.ActiveCfg = Debug|Any CPU
		{F169D209-503E-4EBE-A517-D57A58358582}.Debug|iPhone.Build.0 = Debug|Any CPU
	EndGlobalSection
EndGlobal
