Microsoft Visual Studio Solution File, Format Version 12.00
# Visual Studio Version 17
VisualStudioVersion = 17.4.33205.214
MinimumVisualStudioVersion = 10.0.40219.1
Project("{FAE04EC0-301F-11D3-BF4B-00C04F79EFBC}") = "Sample.Brightcove.tvOS", "Sample.Brightcove.tvOS\Sample.Brightcove.tvOS.csproj", "{D827844C-6895-4433-84CC-587843CF3F19}"
EndProject
Project("{FAE04EC0-301F-11D3-BF4B-00C04F79EFBC}") = "BrightcoveSDK.tvOS", "BrightcoveSDK.tvOS\BrightcoveSDK.tvOS.csproj", "{3D1AC6F3-EEAF-4355-A20A-F6E60B5DA935}"
EndProject
Project("{FAE04EC0-301F-11D3-BF4B-00C04F79EFBC}") = "BrightcoveSDK.iOS", "BrightcoveSDK.iOS\BrightcoveSDK.iOS.csproj", "{EFBF4F66-E60D-4770-8515-E8BC5D8A7302}"
EndProject
Project("{FAE04EC0-301F-11D3-BF4B-00C04F79EFBC}") = "Sample.Brightcove.iOS", "Sample.Brightcove.iOS\Sample.Brightcove.iOS.csproj", "{753E2BD1-079D-4B15-9D0F-65FA6DF35BFB}"
EndProject
Project("{FAE04EC0-301F-11D3-BF4B-00C04F79EFBC}") = "BrightcoveGoogleCast.iOS", "BrightcoveGoogleCast.iOS\BrightcoveGoogleCast.iOS.csproj", "{BF6193FC-0CC3-40A3-A818-316754919691}"
EndProject
Project("{FAE04EC0-301F-11D3-BF4B-00C04F79EFBC}") = "BrightcoveSDK.Droid", "BrightcoveSDK.Droid\BrightcoveSDK.Droid.csproj", "{DEA73147-883E-4A6C-9C1F-2B7CE6B13783}"
EndProject
Project("{FAE04EC0-301F-11D3-BF4B-00C04F79EFBC}") = "BrightcoveSDK.Droid.AppCompat", "BrightcoveSDK.Droid.AppCompat\BrightcoveSDK.Droid.AppCompat.csproj", "{336AB544-5B28-4D1B-955A-454E652C16C3}"
EndProject
Project("{FAE04EC0-301F-11D3-BF4B-00C04F79EFBC}") = "BrightcoveSDK.Droid.Exoplayer2", "BrightcoveSDK.Droid.Exoplayer2\BrightcoveSDK.Droid.Exoplayer2.csproj", "{504627F1-D77C-4043-B27D-8582C1B2335C}"
EndProject
Project("{FAE04EC0-301F-11D3-BF4B-00C04F79EFBC}") = "BrightcoveSDK.Droid.Cast", "BrightcoveSDK.Droid.Cast\BrightcoveSDK.Droid.Cast.csproj", "{5E1F84DB-02D6-42E2-89A0-C23BC1CCC731}"
EndProject
Project("{FAE04EC0-301F-11D3-BF4B-00C04F79EFBC}") = "ExoPlayer.UI", "ExoPlayer.UI\ExoPlayer.UI.csproj", "{67A0616A-BB76-456C-B747-D704846FDD53}"
EndProject
Project("{FAE04EC0-301F-11D3-BF4B-00C04F79EFBC}") = "Sample.Brightcove.Droid", "Sample.Brightcove.Droid\Sample.Brightcove.Droid.csproj", "{2E2123F8-71F8-434C-81D9-1BEA187CCECC}"
EndProject
Global
	GlobalSection(SolutionConfigurationPlatforms) = preSolution
		Debug|Any CPU = Debug|Any CPU
		Debug|iPhone = Debug|iPhone
		Debug|iPhoneSimulator = Debug|iPhoneSimulator
		Release|Any CPU = Release|Any CPU
		Release|iPhone = Release|iPhone
		Release|iPhoneSimulator = Release|iPhoneSimulator
	EndGlobalSection
	GlobalSection(ProjectConfigurationPlatforms) = postSolution
		{D827844C-6895-4433-84CC-587843CF3F19}.Debug|Any CPU.ActiveCfg = Debug|iPhoneSimulator
		{D827844C-6895-4433-84CC-587843CF3F19}.Debug|iPhone.ActiveCfg = Debug|iPhone
		{D827844C-6895-4433-84CC-587843CF3F19}.Debug|iPhone.Build.0 = Debug|iPhone
		{D827844C-6895-4433-84CC-587843CF3F19}.Debug|iPhoneSimulator.ActiveCfg = Debug|iPhoneSimulator
		{D827844C-6895-4433-84CC-587843CF3F19}.Debug|iPhoneSimulator.Build.0 = Debug|iPhoneSimulator
		{D827844C-6895-4433-84CC-587843CF3F19}.Release|Any CPU.ActiveCfg = Release|iPhoneSimulator
		{D827844C-6895-4433-84CC-587843CF3F19}.Release|iPhone.ActiveCfg = Release|iPhone
		{D827844C-6895-4433-84CC-587843CF3F19}.Release|iPhone.Build.0 = Release|iPhone
		{D827844C-6895-4433-84CC-587843CF3F19}.Release|iPhoneSimulator.ActiveCfg = Release|iPhoneSimulator
		{D827844C-6895-4433-84CC-587843CF3F19}.Release|iPhoneSimulator.Build.0 = Release|iPhoneSimulator
		{3D1AC6F3-EEAF-4355-A20A-F6E60B5DA935}.Debug|Any CPU.ActiveCfg = Debug|Any CPU
		{3D1AC6F3-EEAF-4355-A20A-F6E60B5DA935}.Debug|iPhone.ActiveCfg = Debug|Any CPU
		{3D1AC6F3-EEAF-4355-A20A-F6E60B5DA935}.Debug|iPhone.Build.0 = Debug|Any CPU
		{3D1AC6F3-EEAF-4355-A20A-F6E60B5DA935}.Debug|iPhoneSimulator.ActiveCfg = Debug|Any CPU
		{3D1AC6F3-EEAF-4355-A20A-F6E60B5DA935}.Debug|iPhoneSimulator.Build.0 = Debug|Any CPU
		{3D1AC6F3-EEAF-4355-A20A-F6E60B5DA935}.Release|Any CPU.ActiveCfg = Release|Any CPU
		{3D1AC6F3-EEAF-4355-A20A-F6E60B5DA935}.Release|iPhone.ActiveCfg = Release|Any CPU
		{3D1AC6F3-EEAF-4355-A20A-F6E60B5DA935}.Release|iPhone.Build.0 = Release|Any CPU
		{3D1AC6F3-EEAF-4355-A20A-F6E60B5DA935}.Release|iPhoneSimulator.ActiveCfg = Release|Any CPU
		{3D1AC6F3-EEAF-4355-A20A-F6E60B5DA935}.Release|iPhoneSimulator.Build.0 = Release|Any CPU
		{EFBF4F66-E60D-4770-8515-E8BC5D8A7302}.Debug|Any CPU.ActiveCfg = Debug|Any CPU
		{EFBF4F66-E60D-4770-8515-E8BC5D8A7302}.Debug|iPhone.ActiveCfg = Debug|Any CPU
		{EFBF4F66-E60D-4770-8515-E8BC5D8A7302}.Debug|iPhone.Build.0 = Debug|Any CPU
		{EFBF4F66-E60D-4770-8515-E8BC5D8A7302}.Debug|iPhoneSimulator.ActiveCfg = Debug|Any CPU
		{EFBF4F66-E60D-4770-8515-E8BC5D8A7302}.Debug|iPhoneSimulator.Build.0 = Debug|Any CPU
		{EFBF4F66-E60D-4770-8515-E8BC5D8A7302}.Release|Any CPU.ActiveCfg = Release|Any CPU
		{EFBF4F66-E60D-4770-8515-E8BC5D8A7302}.Release|iPhone.ActiveCfg = Release|Any CPU
		{EFBF4F66-E60D-4770-8515-E8BC5D8A7302}.Release|iPhone.Build.0 = Release|Any CPU
		{EFBF4F66-E60D-4770-8515-E8BC5D8A7302}.Release|iPhoneSimulator.ActiveCfg = Release|Any CPU
		{EFBF4F66-E60D-4770-8515-E8BC5D8A7302}.Release|iPhoneSimulator.Build.0 = Release|Any CPU
		{753E2BD1-079D-4B15-9D0F-65FA6DF35BFB}.Debug|Any CPU.ActiveCfg = Debug|iPhoneSimulator
		{753E2BD1-079D-4B15-9D0F-65FA6DF35BFB}.Debug|iPhone.ActiveCfg = Debug|iPhone
		{753E2BD1-079D-4B15-9D0F-65FA6DF35BFB}.Debug|iPhone.Build.0 = Debug|iPhone
		{753E2BD1-079D-4B15-9D0F-65FA6DF35BFB}.Debug|iPhoneSimulator.ActiveCfg = Debug|iPhoneSimulator
		{753E2BD1-079D-4B15-9D0F-65FA6DF35BFB}.Debug|iPhoneSimulator.Build.0 = Debug|iPhoneSimulator
		{753E2BD1-079D-4B15-9D0F-65FA6DF35BFB}.Release|Any CPU.ActiveCfg = Release|iPhoneSimulator
		{753E2BD1-079D-4B15-9D0F-65FA6DF35BFB}.Release|iPhone.ActiveCfg = Release|iPhone
		{753E2BD1-079D-4B15-9D0F-65FA6DF35BFB}.Release|iPhone.Build.0 = Release|iPhone
		{753E2BD1-079D-4B15-9D0F-65FA6DF35BFB}.Release|iPhoneSimulator.ActiveCfg = Release|iPhoneSimulator
		{753E2BD1-079D-4B15-9D0F-65FA6DF35BFB}.Release|iPhoneSimulator.Build.0 = Release|iPhoneSimulator
		{BF6193FC-0CC3-40A3-A818-316754919691}.Debug|Any CPU.ActiveCfg = Debug|Any CPU
		{BF6193FC-0CC3-40A3-A818-316754919691}.Debug|iPhone.ActiveCfg = Debug|Any CPU
		{BF6193FC-0CC3-40A3-A818-316754919691}.Debug|iPhone.Build.0 = Debug|Any CPU
		{BF6193FC-0CC3-40A3-A818-316754919691}.Debug|iPhoneSimulator.ActiveCfg = Debug|Any CPU
		{BF6193FC-0CC3-40A3-A818-316754919691}.Debug|iPhoneSimulator.Build.0 = Debug|Any CPU
		{BF6193FC-0CC3-40A3-A818-316754919691}.Release|Any CPU.ActiveCfg = Release|Any CPU
		{BF6193FC-0CC3-40A3-A818-316754919691}.Release|iPhone.ActiveCfg = Release|Any CPU
		{BF6193FC-0CC3-40A3-A818-316754919691}.Release|iPhone.Build.0 = Release|Any CPU
		{BF6193FC-0CC3-40A3-A818-316754919691}.Release|iPhoneSimulator.ActiveCfg = Release|Any CPU
		{BF6193FC-0CC3-40A3-A818-316754919691}.Release|iPhoneSimulator.Build.0 = Release|Any CPU
		{DEA73147-883E-4A6C-9C1F-2B7CE6B13783}.Debug|Any CPU.ActiveCfg = Debug|Any CPU
		{DEA73147-883E-4A6C-9C1F-2B7CE6B13783}.Debug|Any CPU.Build.0 = Debug|Any CPU
		{DEA73147-883E-4A6C-9C1F-2B7CE6B13783}.Debug|iPhone.ActiveCfg = Debug|Any CPU
		{DEA73147-883E-4A6C-9C1F-2B7CE6B13783}.Debug|iPhone.Build.0 = Debug|Any CPU
		{DEA73147-883E-4A6C-9C1F-2B7CE6B13783}.Debug|iPhoneSimulator.ActiveCfg = Debug|Any CPU
		{DEA73147-883E-4A6C-9C1F-2B7CE6B13783}.Debug|iPhoneSimulator.Build.0 = Debug|Any CPU
		{DEA73147-883E-4A6C-9C1F-2B7CE6B13783}.Release|Any CPU.ActiveCfg = Release|Any CPU
		{DEA73147-883E-4A6C-9C1F-2B7CE6B13783}.Release|Any CPU.Build.0 = Release|Any CPU
		{DEA73147-883E-4A6C-9C1F-2B7CE6B13783}.Release|iPhone.ActiveCfg = Release|Any CPU
		{DEA73147-883E-4A6C-9C1F-2B7CE6B13783}.Release|iPhone.Build.0 = Release|Any CPU
		{DEA73147-883E-4A6C-9C1F-2B7CE6B13783}.Release|iPhoneSimulator.ActiveCfg = Release|Any CPU
		{DEA73147-883E-4A6C-9C1F-2B7CE6B13783}.Release|iPhoneSimulator.Build.0 = Release|Any CPU
		{336AB544-5B28-4D1B-955A-454E652C16C3}.Debug|Any CPU.ActiveCfg = Debug|Any CPU
		{336AB544-5B28-4D1B-955A-454E652C16C3}.Debug|Any CPU.Build.0 = Debug|Any CPU
		{336AB544-5B28-4D1B-955A-454E652C16C3}.Debug|iPhone.ActiveCfg = Debug|Any CPU
		{336AB544-5B28-4D1B-955A-454E652C16C3}.Debug|iPhone.Build.0 = Debug|Any CPU
		{336AB544-5B28-4D1B-955A-454E652C16C3}.Debug|iPhoneSimulator.ActiveCfg = Debug|Any CPU
		{336AB544-5B28-4D1B-955A-454E652C16C3}.Debug|iPhoneSimulator.Build.0 = Debug|Any CPU
		{336AB544-5B28-4D1B-955A-454E652C16C3}.Release|Any CPU.ActiveCfg = Release|Any CPU
		{336AB544-5B28-4D1B-955A-454E652C16C3}.Release|Any CPU.Build.0 = Release|Any CPU
		{336AB544-5B28-4D1B-955A-454E652C16C3}.Release|iPhone.ActiveCfg = Release|Any CPU
		{336AB544-5B28-4D1B-955A-454E652C16C3}.Release|iPhone.Build.0 = Release|Any CPU
		{336AB544-5B28-4D1B-955A-454E652C16C3}.Release|iPhoneSimulator.ActiveCfg = Release|Any CPU
		{336AB544-5B28-4D1B-955A-454E652C16C3}.Release|iPhoneSimulator.Build.0 = Release|Any CPU
		{504627F1-D77C-4043-B27D-8582C1B2335C}.Debug|Any CPU.ActiveCfg = Debug|Any CPU
		{504627F1-D77C-4043-B27D-8582C1B2335C}.Debug|Any CPU.Build.0 = Debug|Any CPU
		{504627F1-D77C-4043-B27D-8582C1B2335C}.Debug|iPhone.ActiveCfg = Debug|Any CPU
		{504627F1-D77C-4043-B27D-8582C1B2335C}.Debug|iPhone.Build.0 = Debug|Any CPU
		{504627F1-D77C-4043-B27D-8582C1B2335C}.Debug|iPhoneSimulator.ActiveCfg = Debug|Any CPU
		{504627F1-D77C-4043-B27D-8582C1B2335C}.Debug|iPhoneSimulator.Build.0 = Debug|Any CPU
		{504627F1-D77C-4043-B27D-8582C1B2335C}.Release|Any CPU.ActiveCfg = Release|Any CPU
		{504627F1-D77C-4043-B27D-8582C1B2335C}.Release|Any CPU.Build.0 = Release|Any CPU
		{504627F1-D77C-4043-B27D-8582C1B2335C}.Release|iPhone.ActiveCfg = Release|Any CPU
		{504627F1-D77C-4043-B27D-8582C1B2335C}.Release|iPhone.Build.0 = Release|Any CPU
		{504627F1-D77C-4043-B27D-8582C1B2335C}.Release|iPhoneSimulator.ActiveCfg = Release|Any CPU
		{504627F1-D77C-4043-B27D-8582C1B2335C}.Release|iPhoneSimulator.Build.0 = Release|Any CPU
		{5E1F84DB-02D6-42E2-89A0-C23BC1CCC731}.Debug|Any CPU.ActiveCfg = Debug|Any CPU
		{5E1F84DB-02D6-42E2-89A0-C23BC1CCC731}.Debug|Any CPU.Build.0 = Debug|Any CPU
		{5E1F84DB-02D6-42E2-89A0-C23BC1CCC731}.Debug|iPhone.ActiveCfg = Debug|Any CPU
		{5E1F84DB-02D6-42E2-89A0-C23BC1CCC731}.Debug|iPhone.Build.0 = Debug|Any CPU
		{5E1F84DB-02D6-42E2-89A0-C23BC1CCC731}.Debug|iPhoneSimulator.ActiveCfg = Debug|Any CPU
		{5E1F84DB-02D6-42E2-89A0-C23BC1CCC731}.Debug|iPhoneSimulator.Build.0 = Debug|Any CPU
		{5E1F84DB-02D6-42E2-89A0-C23BC1CCC731}.Release|Any CPU.ActiveCfg = Release|Any CPU
		{5E1F84DB-02D6-42E2-89A0-C23BC1CCC731}.Release|Any CPU.Build.0 = Release|Any CPU
		{5E1F84DB-02D6-42E2-89A0-C23BC1CCC731}.Release|iPhone.ActiveCfg = Release|Any CPU
		{5E1F84DB-02D6-42E2-89A0-C23BC1CCC731}.Release|iPhone.Build.0 = Release|Any CPU
		{5E1F84DB-02D6-42E2-89A0-C23BC1CCC731}.Release|iPhoneSimulator.ActiveCfg = Release|Any CPU
		{5E1F84DB-02D6-42E2-89A0-C23BC1CCC731}.Release|iPhoneSimulator.Build.0 = Release|Any CPU
		{67A0616A-BB76-456C-B747-D704846FDD53}.Debug|Any CPU.ActiveCfg = Debug|Any CPU
		{67A0616A-BB76-456C-B747-D704846FDD53}.Debug|Any CPU.Build.0 = Debug|Any CPU
		{67A0616A-BB76-456C-B747-D704846FDD53}.Debug|iPhone.ActiveCfg = Debug|Any CPU
		{67A0616A-BB76-456C-B747-D704846FDD53}.Debug|iPhone.Build.0 = Debug|Any CPU
		{67A0616A-BB76-456C-B747-D704846FDD53}.Debug|iPhoneSimulator.ActiveCfg = Debug|Any CPU
		{67A0616A-BB76-456C-B747-D704846FDD53}.Debug|iPhoneSimulator.Build.0 = Debug|Any CPU
		{67A0616A-BB76-456C-B747-D704846FDD53}.Release|Any CPU.ActiveCfg = Release|Any CPU
		{67A0616A-BB76-456C-B747-D704846FDD53}.Release|Any CPU.Build.0 = Release|Any CPU
		{67A0616A-BB76-456C-B747-D704846FDD53}.Release|iPhone.ActiveCfg = Release|Any CPU
		{67A0616A-BB76-456C-B747-D704846FDD53}.Release|iPhone.Build.0 = Release|Any CPU
		{67A0616A-BB76-456C-B747-D704846FDD53}.Release|iPhoneSimulator.ActiveCfg = Release|Any CPU
		{67A0616A-BB76-456C-B747-D704846FDD53}.Release|iPhoneSimulator.Build.0 = Release|Any CPU
		{2E2123F8-71F8-434C-81D9-1BEA187CCECC}.Debug|Any CPU.ActiveCfg = Debug|Any CPU
		{2E2123F8-71F8-434C-81D9-1BEA187CCECC}.Debug|Any CPU.Build.0 = Debug|Any CPU
		{2E2123F8-71F8-434C-81D9-1BEA187CCECC}.Debug|Any CPU.Deploy.0 = Debug|Any CPU
		{2E2123F8-71F8-434C-81D9-1BEA187CCECC}.Debug|iPhone.ActiveCfg = Debug|Any CPU
		{2E2123F8-71F8-434C-81D9-1BEA187CCECC}.Debug|iPhone.Build.0 = Debug|Any CPU
		{2E2123F8-71F8-434C-81D9-1BEA187CCECC}.Debug|iPhone.Deploy.0 = Debug|Any CPU
		{2E2123F8-71F8-434C-81D9-1BEA187CCECC}.Debug|iPhoneSimulator.ActiveCfg = Debug|Any CPU
		{2E2123F8-71F8-434C-81D9-1BEA187CCECC}.Debug|iPhoneSimulator.Build.0 = Debug|Any CPU
		{2E2123F8-71F8-434C-81D9-1BEA187CCECC}.Release|Any CPU.ActiveCfg = Release|Any CPU
		{2E2123F8-71F8-434C-81D9-1BEA187CCECC}.Release|Any CPU.Build.0 = Release|Any CPU
		{2E2123F8-71F8-434C-81D9-1BEA187CCECC}.Release|Any CPU.Deploy.0 = Release|Any CPU
		{2E2123F8-71F8-434C-81D9-1BEA187CCECC}.Release|iPhone.ActiveCfg = Release|Any CPU
		{2E2123F8-71F8-434C-81D9-1BEA187CCECC}.Release|iPhone.Build.0 = Release|Any CPU
		{2E2123F8-71F8-434C-81D9-1BEA187CCECC}.Release|iPhoneSimulator.ActiveCfg = Release|Any CPU
		{2E2123F8-71F8-434C-81D9-1BEA187CCECC}.Release|iPhoneSimulator.Build.0 = Release|Any CPU
	EndGlobalSection
	GlobalSection(SolutionProperties) = preSolution
		HideSolutionNode = FALSE
	EndGlobalSection
	GlobalSection(ExtensibilityGlobals) = postSolution
		SolutionGuid = {806BD4CE-FB47-4D75-A1E5-29FB444FFE35}
	EndGlobalSection
EndGlobal
